// !$*UTF8*$!
{
	archiveVersion = 1;
	classes = {
	};
	objectVersion = 50;
	objects = {

/* Begin PBXBuildFile section */
		9978845326F2328800714997 /* AppDelegate.swift in Sources */ = {isa = PBXBuildFile; fileRef = 9978845226F2328800714997 /* AppDelegate.swift */; };
		9978845526F2328800714997 /* SceneDelegate.swift in Sources */ = {isa = PBXBuildFile; fileRef = 9978845426F2328800714997 /* SceneDelegate.swift */; };
		9978845726F2328800714997 /* ViewController.swift in Sources */ = {isa = PBXBuildFile; fileRef = 9978845626F2328800714997 /* ViewController.swift */; };
		9978845A26F2328800714997 /* Main.storyboard in Resources */ = {isa = PBXBuildFile; fileRef = 9978845826F2328800714997 /* Main.storyboard */; };
		9978845C26F2329000714997 /* Assets.xcassets in Resources */ = {isa = PBXBuildFile; fileRef = 9978845B26F2329000714997 /* Assets.xcassets */; };
		9978845F26F2329000714997 /* LaunchScreen.storyboard in Resources */ = {isa = PBXBuildFile; fileRef = 9978845D26F2329000714997 /* LaunchScreen.storyboard */; };
		9978846826F23C3600714997 /* MainNavigationController.swift in Sources */ = {isa = PBXBuildFile; fileRef = 9978846726F23C3600714997 /* MainNavigationController.swift */; };
		9978847C26F3D11E00714997 /* city-berlin.jpg in Resources */ = {isa = PBXBuildFile; fileRef = 9978847426F3D11E00714997 /* city-berlin.jpg */; };
		9978847D26F3D11E00714997 /* city-reykjavik.jpg in Resources */ = {isa = PBXBuildFile; fileRef = 9978847526F3D11E00714997 /* city-reykjavik.jpg */; };
		9978847E26F3D11E00714997 /* city-paris.jpg in Resources */ = {isa = PBXBuildFile; fileRef = 9978847626F3D11E00714997 /* city-paris.jpg */; };
		9978847F26F3D11E00714997 /* city-aukland.jpg in Resources */ = {isa = PBXBuildFile; fileRef = 9978847726F3D11E00714997 /* city-aukland.jpg */; };
		9978848026F3D11E00714997 /* city-sydney.jpg in Resources */ = {isa = PBXBuildFile; fileRef = 9978847826F3D11E00714997 /* city-sydney.jpg */; };
		9978848126F3D11E00714997 /* city-hamburg.jpg in Resources */ = {isa = PBXBuildFile; fileRef = 9978847926F3D11E00714997 /* city-hamburg.jpg */; };
		9978848226F3D11E00714997 /* city-dublin.jpg in Resources */ = {isa = PBXBuildFile; fileRef = 9978847A26F3D11E00714997 /* city-dublin.jpg */; };
		9978848326F3D11E00714997 /* city-berne.jpg in Resources */ = {isa = PBXBuildFile; fileRef = 9978847B26F3D11E00714997 /* city-berne.jpg */; };
/* End PBXBuildFile section */

/* Begin PBXFileReference section */
		9978844F26F2328800714997 /* FamilyTree.app */ = {isa = PBXFileReference; explicitFileType = wrapper.application; includeInIndex = 0; path = FamilyTree.app; sourceTree = BUILT_PRODUCTS_DIR; };
		9978845226F2328800714997 /* AppDelegate.swift */ = {isa = PBXFileReference; lastKnownFileType = sourcecode.swift; path = AppDelegate.swift; sourceTree = "<group>"; };
		9978845426F2328800714997 /* SceneDelegate.swift */ = {isa = PBXFileReference; lastKnownFileType = sourcecode.swift; path = SceneDelegate.swift; sourceTree = "<group>"; };
		9978845626F2328800714997 /* ViewController.swift */ = {isa = PBXFileReference; lastKnownFileType = sourcecode.swift; path = ViewController.swift; sourceTree = "<group>"; };
		9978845926F2328800714997 /* Base */ = {isa = PBXFileReference; lastKnownFileType = file.storyboard; name = Base; path = Base.lproj/Main.storyboard; sourceTree = "<group>"; };
		9978845B26F2329000714997 /* Assets.xcassets */ = {isa = PBXFileReference; lastKnownFileType = folder.assetcatalog; path = Assets.xcassets; sourceTree = "<group>"; };
		9978845E26F2329000714997 /* Base */ = {isa = PBXFileReference; lastKnownFileType = file.storyboard; name = Base; path = Base.lproj/LaunchScreen.storyboard; sourceTree = "<group>"; };
		9978846026F2329000714997 /* Info.plist */ = {isa = PBXFileReference; lastKnownFileType = text.plist.xml; path = Info.plist; sourceTree = "<group>"; };
		9978846726F23C3600714997 /* MainNavigationController.swift */ = {isa = PBXFileReference; lastKnownFileType = sourcecode.swift; path = MainNavigationController.swift; sourceTree = "<group>"; };
		9978847426F3D11E00714997 /* city-berlin.jpg */ = {isa = PBXFileReference; lastKnownFileType = image.jpeg; path = "city-berlin.jpg"; sourceTree = "<group>"; };
		9978847526F3D11E00714997 /* city-reykjavik.jpg */ = {isa = PBXFileReference; lastKnownFileType = image.jpeg; path = "city-reykjavik.jpg"; sourceTree = "<group>"; };
		9978847626F3D11E00714997 /* city-paris.jpg */ = {isa = PBXFileReference; lastKnownFileType = image.jpeg; path = "city-paris.jpg"; sourceTree = "<group>"; };
		9978847726F3D11E00714997 /* city-aukland.jpg */ = {isa = PBXFileReference; lastKnownFileType = image.jpeg; path = "city-aukland.jpg"; sourceTree = "<group>"; };
		9978847826F3D11E00714997 /* city-sydney.jpg */ = {isa = PBXFileReference; lastKnownFileType = image.jpeg; path = "city-sydney.jpg"; sourceTree = "<group>"; };
		9978847926F3D11E00714997 /* city-hamburg.jpg */ = {isa = PBXFileReference; lastKnownFileType = image.jpeg; path = "city-hamburg.jpg"; sourceTree = "<group>"; };
		9978847A26F3D11E00714997 /* city-dublin.jpg */ = {isa = PBXFileReference; lastKnownFileType = image.jpeg; path = "city-dublin.jpg"; sourceTree = "<group>"; };
		9978847B26F3D11E00714997 /* city-berne.jpg */ = {isa = PBXFileReference; lastKnownFileType = image.jpeg; path = "city-berne.jpg"; sourceTree = "<group>"; };
/* End PBXFileReference section */

/* Begin PBXFrameworksBuildPhase section */
		9978844C26F2328800714997 /* Frameworks */ = {
			isa = PBXFrameworksBuildPhase;
			buildActionMask = 2147483647;
			files = (
			);
			runOnlyForDeploymentPostprocessing = 0;
		};
/* End PBXFrameworksBuildPhase section */

/* Begin PBXGroup section */
		9978844626F2328800714997 = {
			isa = PBXGroup;
			children = (
				9978845126F2328800714997 /* FamilyTree */,
				9978845026F2328800714997 /* Products */,
			);
			sourceTree = "<group>";
		};
		9978845026F2328800714997 /* Products */ = {
			isa = PBXGroup;
			children = (
				9978844F26F2328800714997 /* FamilyTree.app */,
			);
			name = Products;
			sourceTree = "<group>";
		};
		9978845126F2328800714997 /* FamilyTree */ = {
			isa = PBXGroup;
			children = (
				9978845226F2328800714997 /* AppDelegate.swift */,
				9978845426F2328800714997 /* SceneDelegate.swift */,
				9978845626F2328800714997 /* ViewController.swift */,
				9978845826F2328800714997 /* Main.storyboard */,
				9978845B26F2329000714997 /* Assets.xcassets */,
				9978845D26F2329000714997 /* LaunchScreen.storyboard */,
				9978846026F2329000714997 /* Info.plist */,
				9978847326F3D11E00714997 /* cities */,
				9978846726F23C3600714997 /* MainNavigationController.swift */,
			);
			path = FamilyTree;
			sourceTree = "<group>";
		};
		9978847326F3D11E00714997 /* cities */ = {
			isa = PBXGroup;
			children = (
				9978847426F3D11E00714997 /* city-berlin.jpg */,
				9978847526F3D11E00714997 /* city-reykjavik.jpg */,
				9978847626F3D11E00714997 /* city-paris.jpg */,
				9978847726F3D11E00714997 /* city-aukland.jpg */,
				9978847826F3D11E00714997 /* city-sydney.jpg */,
				9978847926F3D11E00714997 /* city-hamburg.jpg */,
				9978847A26F3D11E00714997 /* city-dublin.jpg */,
				9978847B26F3D11E00714997 /* city-berne.jpg */,
			);
			path = cities;
			sourceTree = "<group>";
		};
/* End PBXGroup section */

/* Begin PBXNativeTarget section */
		9978844E26F2328800714997 /* FamilyTree */ = {
			isa = PBXNativeTarget;
			buildConfigurationList = 9978846326F2329000714997 /* Build configuration list for PBXNativeTarget "FamilyTree" */;
			buildPhases = (
				9978844B26F2328800714997 /* Sources */,
				9978844C26F2328800714997 /* Frameworks */,
				9978844D26F2328800714997 /* Resources */,
			);
			buildRules = (
			);
			dependencies = (
			);
			name = FamilyTree;
			productName = FamilyTree;
			productReference = 9978844F26F2328800714997 /* FamilyTree.app */;
			productType = "com.apple.product-type.application";
		};
/* End PBXNativeTarget section */

/* Begin PBXProject section */
		9978844726F2328800714997 /* Project object */ = {
			isa = PBXProject;
			attributes = {
				LastSwiftUpdateCheck = 1230;
				LastUpgradeCheck = 1230;
				TargetAttributes = {
					9978844E26F2328800714997 = {
						CreatedOnToolsVersion = 12.3;
					};
				};
			};
			buildConfigurationList = 9978844A26F2328800714997 /* Build configuration list for PBXProject "FamilyTree" */;
			compatibilityVersion = "Xcode 9.3";
			developmentRegion = en;
			hasScannedForEncodings = 0;
			knownRegions = (
				en,
				Base,
			);
			mainGroup = 9978844626F2328800714997;
			productRefGroup = 9978845026F2328800714997 /* Products */;
			projectDirPath = "";
			projectRoot = "";
			targets = (
				9978844E26F2328800714997 /* FamilyTree */,
			);
		};
/* End PBXProject section */

/* Begin PBXResourcesBuildPhase section */
		9978844D26F2328800714997 /* Resources */ = {
			isa = PBXResourcesBuildPhase;
			buildActionMask = 2147483647;
			files = (
				9978848026F3D11E00714997 /* city-sydney.jpg in Resources */,
				9978848126F3D11E00714997 /* city-hamburg.jpg in Resources */,
				9978847E26F3D11E00714997 /* city-paris.jpg in Resources */,
				9978848326F3D11E00714997 /* city-berne.jpg in Resources */,
				9978847C26F3D11E00714997 /* city-berlin.jpg in Resources */,
				9978847D26F3D11E00714997 /* city-reykjavik.jpg in Resources */,
				9978845F26F2329000714997 /* LaunchScreen.storyboard in Resources */,
				9978848226F3D11E00714997 /* city-dublin.jpg in Resources */,
				9978845C26F2329000714997 /* Assets.xcassets in Resources */,
				9978847F26F3D11E00714997 /* city-aukland.jpg in Resources */,
				9978845A26F2328800714997 /* Main.storyboard in Resources */,
			);
			runOnlyForDeploymentPostprocessing = 0;
		};
/* End PBXResourcesBuildPhase section */

/* Begin PBXSourcesBuildPhase section */
		9978844B26F2328800714997 /* Sources */ = {
			isa = PBXSourcesBuildPhase;
			buildActionMask = 2147483647;
			files = (
				9978845726F2328800714997 /* ViewController.swift in Sources */,
				9978845326F2328800714997 /* AppDelegate.swift in Sources */,
				9978846826F23C3600714997 /* MainNavigationController.swift in Sources */,
				9978845526F2328800714997 /* SceneDelegate.swift in Sources */,
			);
			runOnlyForDeploymentPostprocessing = 0;
		};
/* End PBXSourcesBuildPhase section */

/* Begin PBXVariantGroup section */
		9978845826F2328800714997 /* Main.storyboard */ = {
			isa = PBXVariantGroup;
			children = (
				9978845926F2328800714997 /* Base */,
			);
			name = Main.storyboard;
			sourceTree = "<group>";
		};
		9978845D26F2329000714997 /* LaunchScreen.storyboard */ = {
			isa = PBXVariantGroup;
			children = (
				9978845E26F2329000714997 /* Base */,
			);
			name = LaunchScreen.storyboard;
			sourceTree = "<group>";
		};
/* End PBXVariantGroup section */

/* Begin XCBuildConfiguration section */
		9978846126F2329000714997 /* Debug */ = {
			isa = XCBuildConfiguration;
			buildSettings = {
				ALWAYS_SEARCH_USER_PATHS = NO;
				CLANG_ANALYZER_NONNULL = YES;
				CLANG_ANALYZER_NUMBER_OBJECT_CONVERSION = YES_AGGRESSIVE;
				CLANG_CXX_LANGUAGE_STANDARD = "gnu++14";
				CLANG_CXX_LIBRARY = "libc++";
				CLANG_ENABLE_MODULES = YES;
				CLANG_ENABLE_OBJC_ARC = YES;
				CLANG_ENABLE_OBJC_WEAK = YES;
				CLANG_WARN_BLOCK_CAPTURE_AUTORELEASING = YES;
				CLANG_WARN_BOOL_CONVERSION = YES;
				CLANG_WARN_COMMA = YES;
				CLANG_WARN_CONSTANT_CONVERSION = YES;
				CLANG_WARN_DEPRECATED_OBJC_IMPLEMENTATIONS = YES;
				CLANG_WARN_DIRECT_OBJC_ISA_USAGE = YES_ERROR;
				CLANG_WARN_DOCUMENTATION_COMMENTS = YES;
				CLANG_WARN_EMPTY_BODY = YES;
				CLANG_WARN_ENUM_CONVERSION = YES;
				CLANG_WARN_INFINITE_RECURSION = YES;
				CLANG_WARN_INT_CONVERSION = YES;
				CLANG_WARN_NON_LITERAL_NULL_CONVERSION = YES;
				CLANG_WARN_OBJC_IMPLICIT_RETAIN_SELF = YES;
				CLANG_WARN_OBJC_LITERAL_CONVERSION = YES;
				CLANG_WARN_OBJC_ROOT_CLASS = YES_ERROR;
				CLANG_WARN_QUOTED_INCLUDE_IN_FRAMEWORK_HEADER = YES;
				CLANG_WARN_RANGE_LOOP_ANALYSIS = YES;
				CLANG_WARN_STRICT_PROTOTYPES = YES;
				CLANG_WARN_SUSPICIOUS_MOVE = YES;
				CLANG_WARN_UNGUARDED_AVAILABILITY = YES_AGGRESSIVE;
				CLANG_WARN_UNREACHABLE_CODE = YES;
				CLANG_WARN__DUPLICATE_METHOD_MATCH = YES;
				COPY_PHASE_STRIP = NO;
				DEBUG_INFORMATION_FORMAT = dwarf;
				ENABLE_STRICT_OBJC_MSGSEND = YES;
				ENABLE_TESTABILITY = YES;
				GCC_C_LANGUAGE_STANDARD = gnu11;
				GCC_DYNAMIC_NO_PIC = NO;
				GCC_NO_COMMON_BLOCKS = YES;
				GCC_OPTIMIZATION_LEVEL = 0;
				GCC_PREPROCESSOR_DEFINITIONS = (
					"DEBUG=1",
					"$(inherited)",
				);
				GCC_WARN_64_TO_32_BIT_CONVERSION = YES;
				GCC_WARN_ABOUT_RETURN_TYPE = YES_ERROR;
				GCC_WARN_UNDECLARED_SELECTOR = YES;
				GCC_WARN_UNINITIALIZED_AUTOS = YES_AGGRESSIVE;
				GCC_WARN_UNUSED_FUNCTION = YES;
				GCC_WARN_UNUSED_VARIABLE = YES;
				IPHONEOS_DEPLOYMENT_TARGET = 14.3;
				MTL_ENABLE_DEBUG_INFO = INCLUDE_SOURCE;
				MTL_FAST_MATH = YES;
				ONLY_ACTIVE_ARCH = YES;
				SDKROOT = iphoneos;
				SWIFT_ACTIVE_COMPILATION_CONDITIONS = DEBUG;
				SWIFT_OPTIMIZATION_LEVEL = "-Onone";
			};
			name = Debug;
		};
		9978846226F2329000714997 /* Release */ = {
			isa = XCBuildConfiguration;
			buildSettings = {
				ALWAYS_SEARCH_USER_PATHS = NO;
				CLANG_ANALYZER_NONNULL = YES;
				CLANG_ANALYZER_NUMBER_OBJECT_CONVERSION = YES_AGGRESSIVE;
				CLANG_CXX_LANGUAGE_STANDARD = "gnu++14";
				CLANG_CXX_LIBRARY = "libc++";
				CLANG_ENABLE_MODULES = YES;
				CLANG_ENABLE_OBJC_ARC = YES;
				CLANG_ENABLE_OBJC_WEAK = YES;
				CLANG_WARN_BLOCK_CAPTURE_AUTORELEASING = YES;
				CLANG_WARN_BOOL_CONVERSION = YES;
				CLANG_WARN_COMMA = YES;
				CLANG_WARN_CONSTANT_CONVERSION = YES;
				CLANG_WARN_DEPRECATED_OBJC_IMPLEMENTATIONS = YES;
				CLANG_WARN_DIRECT_OBJC_ISA_USAGE = YES_ERROR;
				CLANG_WARN_DOCUMENTATION_COMMENTS = YES;
				CLANG_WARN_EMPTY_BODY = YES;
				CLANG_WARN_ENUM_CONVERSION = YES;
				CLANG_WARN_INFINITE_RECURSION = YES;
				CLANG_WARN_INT_CONVERSION = YES;
				CLANG_WARN_NON_LITERAL_NULL_CONVERSION = YES;
				CLANG_WARN_OBJC_IMPLICIT_RETAIN_SELF = YES;
				CLANG_WARN_OBJC_LITERAL_CONVERSION = YES;
				CLANG_WARN_OBJC_ROOT_CLASS = YES_ERROR;
				CLANG_WARN_QUOTED_INCLUDE_IN_FRAMEWORK_HEADER = YES;
				CLANG_WARN_RANGE_LOOP_ANALYSIS = YES;
				CLANG_WARN_STRICT_PROTOTYPES = YES;
				CLANG_WARN_SUSPICIOUS_MOVE = YES;
				CLANG_WARN_UNGUARDED_AVAILABILITY = YES_AGGRESSIVE;
				CLANG_WARN_UNREACHABLE_CODE = YES;
				CLANG_WARN__DUPLICATE_METHOD_MATCH = YES;
				COPY_PHASE_STRIP = NO;
				DEBUG_INFORMATION_FORMAT = "dwarf-with-dsym";
				ENABLE_NS_ASSERTIONS = NO;
				ENABLE_STRICT_OBJC_MSGSEND = YES;
				GCC_C_LANGUAGE_STANDARD = gnu11;
				GCC_NO_COMMON_BLOCKS = YES;
				GCC_WARN_64_TO_32_BIT_CONVERSION = YES;
				GCC_WARN_ABOUT_RETURN_TYPE = YES_ERROR;
				GCC_WARN_UNDECLARED_SELECTOR = YES;
				GCC_WARN_UNINITIALIZED_AUTOS = YES_AGGRESSIVE;
				GCC_WARN_UNUSED_FUNCTION = YES;
				GCC_WARN_UNUSED_VARIABLE = YES;
				IPHONEOS_DEPLOYMENT_TARGET = 14.3;
				MTL_ENABLE_DEBUG_INFO = NO;
				MTL_FAST_MATH = YES;
				SDKROOT = iphoneos;
				SWIFT_COMPILATION_MODE = wholemodule;
				SWIFT_OPTIMIZATION_LEVEL = "-O";
				VALIDATE_PRODUCT = YES;
			};
			name = Release;
		};
		9978846426F2329000714997 /* Debug */ = {
			isa = XCBuildConfiguration;
			buildSettings = {
				ASSETCATALOG_COMPILER_APPICON_NAME = AppIcon;
				ASSETCATALOG_COMPILER_GLOBAL_ACCENT_COLOR_NAME = AccentColor;
				CODE_SIGN_STYLE = Automatic;
				INFOPLIST_FILE = FamilyTree/Info.plist;
				LD_RUNPATH_SEARCH_PATHS = (
					"$(inherited)",
					"@executable_path/Frameworks",
				);
				PRODUCT_BUNDLE_IDENTIFIER = me.taylor.paul.FamilyTree;
				PRODUCT_NAME = "$(TARGET_NAME)";
				SWIFT_VERSION = 5.0;
				TARGETED_DEVICE_FAMILY = "1,2";
			};
			name = Debug;
		};
		9978846526F2329000714997 /* Release */ = {
			isa = XCBuildConfiguration;
			buildSettings = {
				ASSETCATALOG_COMPILER_APPICON_NAME = AppIcon;
				ASSETCATALOG_COMPILER_GLOBAL_ACCENT_COLOR_NAME = AccentColor;
				CODE_SIGN_STYLE = Automatic;
				INFOPLIST_FILE = FamilyTree/Info.plist;
				LD_RUNPATH_SEARCH_PATHS = (
					"$(inherited)",
					"@executable_path/Frameworks",
				);
				PRODUCT_BUNDLE_IDENTIFIER = me.taylor.paul.FamilyTree;
				PRODUCT_NAME = "$(TARGET_NAME)";
				SWIFT_VERSION = 5.0;
				TARGETED_DEVICE_FAMILY = "1,2";
			};
			name = Release;
		};
/* End XCBuildConfiguration section */

/* Begin XCConfigurationList section */
		9978844A26F2328800714997 /* Build configuration list for PBXProject "FamilyTree" */ = {
			isa = XCConfigurationList;
			buildConfigurations = (
				9978846126F2329000714997 /* Debug */,
				9978846226F2329000714997 /* Release */,
			);
			defaultConfigurationIsVisible = 0;
			defaultConfigurationName = Release;
		};
		9978846326F2329000714997 /* Build configuration list for PBXNativeTarget "FamilyTree" */ = {
			isa = XCConfigurationList;
			buildConfigurations = (
				9978846426F2329000714997 /* Debug */,
				9978846526F2329000714997 /* Release */,
			);
			defaultConfigurationIsVisible = 0;
			defaultConfigurationName = Release;
		};
/* End XCConfigurationList section */
	};
	rootObject = 9978844726F2328800714997 /* Project object */;
}
