// !$*UTF8*$!
{
	archiveVersion = 1;
	classes = {
	};
	objectVersion = 50;
	objects = {

/* Begin PBXBuildFile section */
		995E9022270C9644004E6407 /* AppDelegate.swift in Sources */ = {isa = PBXBuildFile; fileRef = 995E9021270C9644004E6407 /* AppDelegate.swift */; };
		995E9024270C9644004E6407 /* SceneDelegate.swift in Sources */ = {isa = PBXBuildFile; fileRef = 995E9023270C9644004E6407 /* SceneDelegate.swift */; };
		995E9026270C9644004E6407 /* ViewController.swift in Sources */ = {isa = PBXBuildFile; fileRef = 995E9025270C9644004E6407 /* ViewController.swift */; };
		995E9029270C9644004E6407 /* Main.storyboard in Resources */ = {isa = PBXBuildFile; fileRef = 995E9027270C9644004E6407 /* Main.storyboard */; };
		995E902B270C9656004E6407 /* Assets.xcassets in Resources */ = {isa = PBXBuildFile; fileRef = 995E902A270C9656004E6407 /* Assets.xcassets */; };
		995E902E270C9656004E6407 /* LaunchScreen.storyboard in Resources */ = {isa = PBXBuildFile; fileRef = 995E902C270C9656004E6407 /* LaunchScreen.storyboard */; };
		995E9037270C99E1004E6407 /* leafs.jpg in Resources */ = {isa = PBXBuildFile; fileRef = 995E9036270C99E1004E6407 /* leafs.jpg */; };
/* End PBXBuildFile section */

/* Begin PBXFileReference section */
		995E901E270C9644004E6407 /* Save2TextFile.app */ = {isa = PBXFileReference; explicitFileType = wrapper.application; includeInIndex = 0; path = Save2TextFile.app; sourceTree = BUILT_PRODUCTS_DIR; };
		995E9021270C9644004E6407 /* AppDelegate.swift */ = {isa = PBXFileReference; lastKnownFileType = sourcecode.swift; path = AppDelegate.swift; sourceTree = "<group>"; };
		995E9023270C9644004E6407 /* SceneDelegate.swift */ = {isa = PBXFileReference; lastKnownFileType = sourcecode.swift; path = SceneDelegate.swift; sourceTree = "<group>"; };
		995E9025270C9644004E6407 /* ViewController.swift */ = {isa = PBXFileReference; lastKnownFileType = sourcecode.swift; path = ViewController.swift; sourceTree = "<group>"; };
		995E9028270C9644004E6407 /* Base */ = {isa = PBXFileReference; lastKnownFileType = file.storyboard; name = Base; path = Base.lproj/Main.storyboard; sourceTree = "<group>"; };
		995E902A270C9656004E6407 /* Assets.xcassets */ = {isa = PBXFileReference; lastKnownFileType = folder.assetcatalog; path = Assets.xcassets; sourceTree = "<group>"; };
		995E902D270C9656004E6407 /* Base */ = {isa = PBXFileReference; lastKnownFileType = file.storyboard; name = Base; path = Base.lproj/LaunchScreen.storyboard; sourceTree = "<group>"; };
		995E902F270C9656004E6407 /* Info.plist */ = {isa = PBXFileReference; lastKnownFileType = text.plist.xml; path = Info.plist; sourceTree = "<group>"; };
		995E9036270C99E1004E6407 /* leafs.jpg */ = {isa = PBXFileReference; lastKnownFileType = image.jpeg; path = leafs.jpg; sourceTree = "<group>"; };
/* End PBXFileReference section */

/* Begin PBXFrameworksBuildPhase section */
		995E901B270C9644004E6407 /* Frameworks */ = {
			isa = PBXFrameworksBuildPhase;
			buildActionMask = 2147483647;
			files = (
			);
			runOnlyForDeploymentPostprocessing = 0;
		};
/* End PBXFrameworksBuildPhase section */

/* Begin PBXGroup section */
		995E9015270C9643004E6407 = {
			isa = PBXGroup;
			children = (
				995E9020270C9644004E6407 /* Save2TextFile */,
				995E901F270C9644004E6407 /* Products */,
			);
			sourceTree = "<group>";
		};
		995E901F270C9644004E6407 /* Products */ = {
			isa = PBXGroup;
			children = (
				995E901E270C9644004E6407 /* Save2TextFile.app */,
			);
			name = Products;
			sourceTree = "<group>";
		};
		995E9020270C9644004E6407 /* Save2TextFile */ = {
			isa = PBXGroup;
			children = (
				995E9021270C9644004E6407 /* AppDelegate.swift */,
				995E9023270C9644004E6407 /* SceneDelegate.swift */,
				995E9025270C9644004E6407 /* ViewController.swift */,
				995E9027270C9644004E6407 /* Main.storyboard */,
				995E902A270C9656004E6407 /* Assets.xcassets */,
				995E9036270C99E1004E6407 /* leafs.jpg */,
				995E902C270C9656004E6407 /* LaunchScreen.storyboard */,
				995E902F270C9656004E6407 /* Info.plist */,
			);
			path = Save2TextFile;
			sourceTree = "<group>";
		};
/* End PBXGroup section */

/* Begin PBXNativeTarget section */
		995E901D270C9644004E6407 /* Save2TextFile */ = {
			isa = PBXNativeTarget;
			buildConfigurationList = 995E9032270C9656004E6407 /* Build configuration list for PBXNativeTarget "Save2TextFile" */;
			buildPhases = (
				995E901A270C9644004E6407 /* Sources */,
				995E901B270C9644004E6407 /* Frameworks */,
				995E901C270C9644004E6407 /* Resources */,
			);
			buildRules = (
			);
			dependencies = (
			);
			name = Save2TextFile;
			productName = Save2TextFile;
			productReference = 995E901E270C9644004E6407 /* Save2TextFile.app */;
			productType = "com.apple.product-type.application";
		};
/* End PBXNativeTarget section */

/* Begin PBXProject section */
		995E9016270C9643004E6407 /* Project object */ = {
			isa = PBXProject;
			attributes = {
				LastSwiftUpdateCheck = 1230;
				LastUpgradeCheck = 1230;
				TargetAttributes = {
					995E901D270C9644004E6407 = {
						CreatedOnToolsVersion = 12.3;
					};
				};
			};
			buildConfigurationList = 995E9019270C9643004E6407 /* Build configuration list for PBXProject "Save2TextFile" */;
			compatibilityVersion = "Xcode 9.3";
			developmentRegion = en;
			hasScannedForEncodings = 0;
			knownRegions = (
				en,
				Base,
			);
			mainGroup = 995E9015270C9643004E6407;
			productRefGroup = 995E901F270C9644004E6407 /* Products */;
			projectDirPath = "";
			projectRoot = "";
			targets = (
				995E901D270C9644004E6407 /* Save2TextFile */,
			);
		};
/* End PBXProject section */

/* Begin PBXResourcesBuildPhase section */
		995E901C270C9644004E6407 /* Resources */ = {
			isa = PBXResourcesBuildPhase;
			buildActionMask = 2147483647;
			files = (
				995E902E270C9656004E6407 /* LaunchScreen.storyboard in Resources */,
				995E902B270C9656004E6407 /* Assets.xcassets in Resources */,
				995E9029270C9644004E6407 /* Main.storyboard in Resources */,
				995E9037270C99E1004E6407 /* leafs.jpg in Resources */,
			);
			runOnlyForDeploymentPostprocessing = 0;
		};
/* End PBXResourcesBuildPhase section */

/* Begin PBXSourcesBuildPhase section */
		995E901A270C9644004E6407 /* Sources */ = {
			isa = PBXSourcesBuildPhase;
			buildActionMask = 2147483647;
			files = (
				995E9026270C9644004E6407 /* ViewController.swift in Sources */,
				995E9022270C9644004E6407 /* AppDelegate.swift in Sources */,
				995E9024270C9644004E6407 /* SceneDelegate.swift in Sources */,
			);
			runOnlyForDeploymentPostprocessing = 0;
		};
/* End PBXSourcesBuildPhase section */

/* Begin PBXVariantGroup section */
		995E9027270C9644004E6407 /* Main.storyboard */ = {
			isa = PBXVariantGroup;
			children = (
				995E9028270C9644004E6407 /* Base */,
			);
			name = Main.storyboard;
			sourceTree = "<group>";
		};
		995E902C270C9656004E6407 /* LaunchScreen.storyboard */ = {
			isa = PBXVariantGroup;
			children = (
				995E902D270C9656004E6407 /* Base */,
			);
			name = LaunchScreen.storyboard;
			sourceTree = "<group>";
		};
/* End PBXVariantGroup section */

/* Begin XCBuildConfiguration section */
		995E9030270C9656004E6407 /* Debug */ = {
			isa = XCBuildConfiguration;
			buildSettings = {
				ALWAYS_SEARCH_USER_PATHS = NO;
				CLANG_ANALYZER_NONNULL = YES;
				CLANG_ANALYZER_NUMBER_OBJECT_CONVERSION = YES_AGGRESSIVE;
				CLANG_CXX_LANGUAGE_STANDARD = "gnu++14";
				CLANG_CXX_LIBRARY = "libc++";
				CLANG_ENABLE_MODULES = YES;
				CLANG_ENABLE_OBJC_ARC = YES;
				CLANG_ENABLE_OBJC_WEAK = YES;
				CLANG_WARN_BLOCK_CAPTURE_AUTORELEASING = YES;
				CLANG_WARN_BOOL_CONVERSION = YES;
				CLANG_WARN_COMMA = YES;
				CLANG_WARN_CONSTANT_CONVERSION = YES;
				CLANG_WARN_DEPRECATED_OBJC_IMPLEMENTATIONS = YES;
				CLANG_WARN_DIRECT_OBJC_ISA_USAGE = YES_ERROR;
				CLANG_WARN_DOCUMENTATION_COMMENTS = YES;
				CLANG_WARN_EMPTY_BODY = YES;
				CLANG_WARN_ENUM_CONVERSION = YES;
				CLANG_WARN_INFINITE_RECURSION = YES;
				CLANG_WARN_INT_CONVERSION = YES;
				CLANG_WARN_NON_LITERAL_NULL_CONVERSION = YES;
				CLANG_WARN_OBJC_IMPLICIT_RETAIN_SELF = YES;
				CLANG_WARN_OBJC_LITERAL_CONVERSION = YES;
				CLANG_WARN_OBJC_ROOT_CLASS = YES_ERROR;
				CLANG_WARN_QUOTED_INCLUDE_IN_FRAMEWORK_HEADER = YES;
				CLANG_WARN_RANGE_LOOP_ANALYSIS = YES;
				CLANG_WARN_STRICT_PROTOTYPES = YES;
				CLANG_WARN_SUSPICIOUS_MOVE = YES;
				CLANG_WARN_UNGUARDED_AVAILABILITY = YES_AGGRESSIVE;
				CLANG_WARN_UNREACHABLE_CODE = YES;
				CLANG_WARN__DUPLICATE_METHOD_MATCH = YES;
				COPY_PHASE_STRIP = NO;
				DEBUG_INFORMATION_FORMAT = dwarf;
				ENABLE_STRICT_OBJC_MSGSEND = YES;
				ENABLE_TESTABILITY = YES;
				GCC_C_LANGUAGE_STANDARD = gnu11;
				GCC_DYNAMIC_NO_PIC = NO;
				GCC_NO_COMMON_BLOCKS = YES;
				GCC_OPTIMIZATION_LEVEL = 0;
				GCC_PREPROCESSOR_DEFINITIONS = (
					"DEBUG=1",
					"$(inherited)",
				);
				GCC_WARN_64_TO_32_BIT_CONVERSION = YES;
				GCC_WARN_ABOUT_RETURN_TYPE = YES_ERROR;
				GCC_WARN_UNDECLARED_SELECTOR = YES;
				GCC_WARN_UNINITIALIZED_AUTOS = YES_AGGRESSIVE;
				GCC_WARN_UNUSED_FUNCTION = YES;
				GCC_WARN_UNUSED_VARIABLE = YES;
				IPHONEOS_DEPLOYMENT_TARGET = 14.3;
				MTL_ENABLE_DEBUG_INFO = INCLUDE_SOURCE;
				MTL_FAST_MATH = YES;
				ONLY_ACTIVE_ARCH = YES;
				SDKROOT = iphoneos;
				SWIFT_ACTIVE_COMPILATION_CONDITIONS = DEBUG;
				SWIFT_OPTIMIZATION_LEVEL = "-Onone";
			};
			name = Debug;
		};
		995E9031270C9656004E6407 /* Release */ = {
			isa = XCBuildConfiguration;
			buildSettings = {
				ALWAYS_SEARCH_USER_PATHS = NO;
				CLANG_ANALYZER_NONNULL = YES;
				CLANG_ANALYZER_NUMBER_OBJECT_CONVERSION = YES_AGGRESSIVE;
				CLANG_CXX_LANGUAGE_STANDARD = "gnu++14";
				CLANG_CXX_LIBRARY = "libc++";
				CLANG_ENABLE_MODULES = YES;
				CLANG_ENABLE_OBJC_ARC = YES;
				CLANG_ENABLE_OBJC_WEAK = YES;
				CLANG_WARN_BLOCK_CAPTURE_AUTORELEASING = YES;
				CLANG_WARN_BOOL_CONVERSION = YES;
				CLANG_WARN_COMMA = YES;
				CLANG_WARN_CONSTANT_CONVERSION = YES;
				CLANG_WARN_DEPRECATED_OBJC_IMPLEMENTATIONS = YES;
				CLANG_WARN_DIRECT_OBJC_ISA_USAGE = YES_ERROR;
				CLANG_WARN_DOCUMENTATION_COMMENTS = YES;
				CLANG_WARN_EMPTY_BODY = YES;
				CLANG_WARN_ENUM_CONVERSION = YES;
				CLANG_WARN_INFINITE_RECURSION = YES;
				CLANG_WARN_INT_CONVERSION = YES;
				CLANG_WARN_NON_LITERAL_NULL_CONVERSION = YES;
				CLANG_WARN_OBJC_IMPLICIT_RETAIN_SELF = YES;
				CLANG_WARN_OBJC_LITERAL_CONVERSION = YES;
				CLANG_WARN_OBJC_ROOT_CLASS = YES_ERROR;
				CLANG_WARN_QUOTED_INCLUDE_IN_FRAMEWORK_HEADER = YES;
				CLANG_WARN_RANGE_LOOP_ANALYSIS = YES;
				CLANG_WARN_STRICT_PROTOTYPES = YES;
				CLANG_WARN_SUSPICIOUS_MOVE = YES;
				CLANG_WARN_UNGUARDED_AVAILABILITY = YES_AGGRESSIVE;
				CLANG_WARN_UNREACHABLE_CODE = YES;
				CLANG_WARN__DUPLICATE_METHOD_MATCH = YES;
				COPY_PHASE_STRIP = NO;
				DEBUG_INFORMATION_FORMAT = "dwarf-with-dsym";
				ENABLE_NS_ASSERTIONS = NO;
				ENABLE_STRICT_OBJC_MSGSEND = YES;
				GCC_C_LANGUAGE_STANDARD = gnu11;
				GCC_NO_COMMON_BLOCKS = YES;
				GCC_WARN_64_TO_32_BIT_CONVERSION = YES;
				GCC_WARN_ABOUT_RETURN_TYPE = YES_ERROR;
				GCC_WARN_UNDECLARED_SELECTOR = YES;
				GCC_WARN_UNINITIALIZED_AUTOS = YES_AGGRESSIVE;
				GCC_WARN_UNUSED_FUNCTION = YES;
				GCC_WARN_UNUSED_VARIABLE = YES;
				IPHONEOS_DEPLOYMENT_TARGET = 14.3;
				MTL_ENABLE_DEBUG_INFO = NO;
				MTL_FAST_MATH = YES;
				SDKROOT = iphoneos;
				SWIFT_COMPILATION_MODE = wholemodule;
				SWIFT_OPTIMIZATION_LEVEL = "-O";
				VALIDATE_PRODUCT = YES;
			};
			name = Release;
		};
		995E9033270C9656004E6407 /* Debug */ = {
			isa = XCBuildConfiguration;
			buildSettings = {
				ASSETCATALOG_COMPILER_APPICON_NAME = AppIcon;
				ASSETCATALOG_COMPILER_GLOBAL_ACCENT_COLOR_NAME = AccentColor;
				CODE_SIGN_STYLE = Automatic;
				INFOPLIST_FILE = Save2TextFile/Info.plist;
				LD_RUNPATH_SEARCH_PATHS = (
					"$(inherited)",
					"@executable_path/Frameworks",
				);
				PRODUCT_BUNDLE_IDENTIFIER = me.taylor.paul.Save2TextFile;
				PRODUCT_NAME = "$(TARGET_NAME)";
				SWIFT_VERSION = 5.0;
				TARGETED_DEVICE_FAMILY = "1,2";
			};
			name = Debug;
		};
		995E9034270C9656004E6407 /* Release */ = {
			isa = XCBuildConfiguration;
			buildSettings = {
				ASSETCATALOG_COMPILER_APPICON_NAME = AppIcon;
				ASSETCATALOG_COMPILER_GLOBAL_ACCENT_COLOR_NAME = AccentColor;
				CODE_SIGN_STYLE = Automatic;
				INFOPLIST_FILE = Save2TextFile/Info.plist;
				LD_RUNPATH_SEARCH_PATHS = (
					"$(inherited)",
					"@executable_path/Frameworks",
				);
				PRODUCT_BUNDLE_IDENTIFIER = me.taylor.paul.Save2TextFile;
				PRODUCT_NAME = "$(TARGET_NAME)";
				SWIFT_VERSION = 5.0;
				TARGETED_DEVICE_FAMILY = "1,2";
			};
			name = Release;
		};
/* End XCBuildConfiguration section */

/* Begin XCConfigurationList section */
		995E9019270C9643004E6407 /* Build configuration list for PBXProject "Save2TextFile" */ = {
			isa = XCConfigurationList;
			buildConfigurations = (
				995E9030270C9656004E6407 /* Debug */,
				995E9031270C9656004E6407 /* Release */,
			);
			defaultConfigurationIsVisible = 0;
			defaultConfigurationName = Release;
		};
		995E9032270C9656004E6407 /* Build configuration list for PBXNativeTarget "Save2TextFile" */ = {
			isa = XCConfigurationList;
			buildConfigurations = (
				995E9033270C9656004E6407 /* Debug */,
				995E9034270C9656004E6407 /* Release */,
			);
			defaultConfigurationIsVisible = 0;
			defaultConfigurationName = Release;
		};
/* End XCConfigurationList section */
	};
	rootObject = 995E9016270C9643004E6407 /* Project object */;
}
